
Microsoft Visual Studio Solution File, Format Version 12.00
# Visual Studio Version 17
VisualStudioVersion = 17.7.34221.43
MinimumVisualStudioVersion = 10.0.40219.1
Project("{FAE04EC0-301F-11D3-BF4B-00C04F79EFBC}") = "ClinicService2", "ClinicService2\ClinicService2.csproj", "{46CC3ECD-C8FF-420D-A1BC-743721AD840E}"
EndProject
Global
	GlobalSection(SolutionConfigurationPlatforms) = preSolution
		Debug|Any CPU = Debug|Any CPU
		Release|Any CPU = Release|Any CPU
	EndGlobalSection
	GlobalSection(ProjectConfigurationPlatforms) = postSolution
		{46CC3ECD-C8FF-420D-A1BC-743721AD840E}.Debug|Any CPU.ActiveCfg = Debug|Any CPU
		{46CC3ECD-C8FF-420D-A1BC-743721AD840E}.Debug|Any CPU.Build.0 = Debug|Any CPU
		{46CC3ECD-C8FF-420D-A1BC-743721AD840E}.Release|Any CPU.ActiveCfg = Release|Any CPU
		{46CC3ECD-C8FF-420D-A1BC-743721AD840E}.Release|Any CPU.Build.0 = Release|Any CPU
	EndGlobalSection
	GlobalSection(SolutionProperties) = preSolution
		HideSolutionNode = FALSE
	EndGlobalSection
	GlobalSection(ExtensibilityGlobals) = postSolution
		SolutionGuid = {C7E4D523-A00D-4477-8AE4-09B22491EE7E}
	EndGlobalSection
EndGlobal
